
Microsoft Visual Studio Solution File, Format Version 12.00
Project("{FAE04EC0-301F-11D3-BF4B-00C04F79EFBC}") = "DeepMorphy", "DeepMorphy\DeepMorphy.csproj", "{D85C6514-290E-46D3-82C4-08CCC0BAAB78}"
EndProject
Project("{FAE04EC0-301F-11D3-BF4B-00C04F79EFBC}") = "ExampleConsole", "ExampleConsole\ExampleConsole.csproj", "{B9C8D746-D563-4400-AD2E-E951771EA221}"
EndProject
Project("{FAE04EC0-301F-11D3-BF4B-00C04F79EFBC}") = "MetricsCalc", "MetricsCalc\MetricsCalc.csproj", "{CE36972E-45A8-447A-92CD-57C937912758}"
EndProject
Project("{FAE04EC0-301F-11D3-BF4B-00C04F79EFBC}") = "Benchmark", "Benchmark\Benchmark.csproj", "{1ABB6028-F52C-4C9B-B0F3-9E08DE0CD231}"
EndProject
Project("{FAE04EC0-301F-11D3-BF4B-00C04F79EFBC}") = "DeepMorphy.Tests", "DeepMorphy.Tests\DeepMorphy.Tests.csproj", "{1E75D249-3891-48A3-B0B8-2AF49E3F4B22}"
EndProject
Global
	GlobalSection(SolutionConfigurationPlatforms) = preSolution
		Debug|Any CPU = Debug|Any CPU
		Release|Any CPU = Release|Any CPU
	EndGlobalSection
	GlobalSection(ProjectConfigurationPlatforms) = postSolution
		{D85C6514-290E-46D3-82C4-08CCC0BAAB78}.Debug|Any CPU.ActiveCfg = Debug|Any CPU
		{D85C6514-290E-46D3-82C4-08CCC0BAAB78}.Debug|Any CPU.Build.0 = Debug|Any CPU
		{D85C6514-290E-46D3-82C4-08CCC0BAAB78}.Release|Any CPU.ActiveCfg = Release|Any CPU
		{D85C6514-290E-46D3-82C4-08CCC0BAAB78}.Release|Any CPU.Build.0 = Release|Any CPU
		{B9C8D746-D563-4400-AD2E-E951771EA221}.Debug|Any CPU.ActiveCfg = Debug|Any CPU
		{B9C8D746-D563-4400-AD2E-E951771EA221}.Debug|Any CPU.Build.0 = Debug|Any CPU
		{B9C8D746-D563-4400-AD2E-E951771EA221}.Release|Any CPU.ActiveCfg = Release|Any CPU
		{B9C8D746-D563-4400-AD2E-E951771EA221}.Release|Any CPU.Build.0 = Release|Any CPU
		{CE36972E-45A8-447A-92CD-57C937912758}.Debug|Any CPU.ActiveCfg = Debug|Any CPU
		{CE36972E-45A8-447A-92CD-57C937912758}.Debug|Any CPU.Build.0 = Debug|Any CPU
		{CE36972E-45A8-447A-92CD-57C937912758}.Release|Any CPU.ActiveCfg = Release|Any CPU
		{CE36972E-45A8-447A-92CD-57C937912758}.Release|Any CPU.Build.0 = Release|Any CPU
		{1ABB6028-F52C-4C9B-B0F3-9E08DE0CD231}.Debug|Any CPU.ActiveCfg = Debug|Any CPU
		{1ABB6028-F52C-4C9B-B0F3-9E08DE0CD231}.Debug|Any CPU.Build.0 = Debug|Any CPU
		{1ABB6028-F52C-4C9B-B0F3-9E08DE0CD231}.Release|Any CPU.ActiveCfg = Release|Any CPU
		{1ABB6028-F52C-4C9B-B0F3-9E08DE0CD231}.Release|Any CPU.Build.0 = Release|Any CPU
		{1E75D249-3891-48A3-B0B8-2AF49E3F4B22}.Debug|Any CPU.ActiveCfg = Debug|Any CPU
		{1E75D249-3891-48A3-B0B8-2AF49E3F4B22}.Debug|Any CPU.Build.0 = Debug|Any CPU
		{1E75D249-3891-48A3-B0B8-2AF49E3F4B22}.Release|Any CPU.ActiveCfg = Release|Any CPU
		{1E75D249-3891-48A3-B0B8-2AF49E3F4B22}.Release|Any CPU.Build.0 = Release|Any CPU
	EndGlobalSection
EndGlobal
