
Microsoft Visual Studio Solution File, Format Version 12.00
Project("{FAE04EC0-301F-11D3-BF4B-00C04F79EFBC}") = "DeepMorphy", "DeepMorphy\DeepMorphy.csproj", "{D85C6514-290E-46D3-82C4-08CCC0BAAB78}"
EndProject
Project("{FAE04EC0-301F-11D3-BF4B-00C04F79EFBC}") = "ExampleConsole", "ExampleConsole\ExampleConsole.csproj", "{B9C8D746-D563-4400-AD2E-E951771EA221}"
EndProject
Project("{FAE04EC0-301F-11D3-BF4B-00C04F79EFBC}") = "Tests", "Tests\Tests.csproj", "{A44572AD-F52F-4A87-9577-9E1301E469E8}"
EndProject
Global
	GlobalSection(SolutionConfigurationPlatforms) = preSolution
		Debug|Any CPU = Debug|Any CPU
		Release|Any CPU = Release|Any CPU
	EndGlobalSection
	GlobalSection(ProjectConfigurationPlatforms) = postSolution
		{D85C6514-290E-46D3-82C4-08CCC0BAAB78}.Debug|Any CPU.ActiveCfg = Debug|Any CPU
		{D85C6514-290E-46D3-82C4-08CCC0BAAB78}.Debug|Any CPU.Build.0 = Debug|Any CPU
		{D85C6514-290E-46D3-82C4-08CCC0BAAB78}.Release|Any CPU.ActiveCfg = Release|Any CPU
		{D85C6514-290E-46D3-82C4-08CCC0BAAB78}.Release|Any CPU.Build.0 = Release|Any CPU
		{B9C8D746-D563-4400-AD2E-E951771EA221}.Debug|Any CPU.ActiveCfg = Debug|Any CPU
		{B9C8D746-D563-4400-AD2E-E951771EA221}.Debug|Any CPU.Build.0 = Debug|Any CPU
		{B9C8D746-D563-4400-AD2E-E951771EA221}.Release|Any CPU.ActiveCfg = Release|Any CPU
		{B9C8D746-D563-4400-AD2E-E951771EA221}.Release|Any CPU.Build.0 = Release|Any CPU
		{A44572AD-F52F-4A87-9577-9E1301E469E8}.Debug|Any CPU.ActiveCfg = Debug|Any CPU
		{A44572AD-F52F-4A87-9577-9E1301E469E8}.Debug|Any CPU.Build.0 = Debug|Any CPU
		{A44572AD-F52F-4A87-9577-9E1301E469E8}.Release|Any CPU.ActiveCfg = Release|Any CPU
		{A44572AD-F52F-4A87-9577-9E1301E469E8}.Release|Any CPU.Build.0 = Release|Any CPU
	EndGlobalSection
EndGlobal
